
Microsoft Visual Studio Solution File, Format Version 12.00
# Visual Studio Version 16
VisualStudioVersion = 16.0.31321.278
MinimumVisualStudioVersion = 10.0.40219.1
Project("{FAE04EC0-301F-11D3-BF4B-00C04F79EFBC}") = "NitcotekAssignmentAPI", "NitcotekAssignmentAPI\NitcotekAssignmentAPI.csproj", "{854AF864-7CB4-4025-B05E-603B011E9ABD}"
EndProject
Project("{FAE04EC0-301F-11D3-BF4B-00C04F79EFBC}") = "NitcotekAssignmentDAL", "NitcotekAssignmentDAL\NitcotekAssignmentDAL.csproj", "{87D99285-9FC0-41E7-B6A7-B3942744A23A}"
EndProject
Project("{FAE04EC0-301F-11D3-BF4B-00C04F79EFBC}") = "NitcotekAssignmentBLL", "NitcotekAssignmentBLL\NitcotekAssignmentBLL.csproj", "{69ABC62C-CE79-42BA-9DE5-B4E2BC2C5F08}"
EndProject
Project("{FAE04EC0-301F-11D3-BF4B-00C04F79EFBC}") = "NitcotekAssignmentEntity", "NitcotekAssignmentEntity\NitcotekAssignmentEntity.csproj", "{2DFF7375-02BB-4B82-A94F-45EFBA773F4F}"
EndProject
Global
	GlobalSection(SolutionConfigurationPlatforms) = preSolution
		Debug|Any CPU = Debug|Any CPU
		Release|Any CPU = Release|Any CPU
	EndGlobalSection
	GlobalSection(ProjectConfigurationPlatforms) = postSolution
		{854AF864-7CB4-4025-B05E-603B011E9ABD}.Debug|Any CPU.ActiveCfg = Debug|Any CPU
		{854AF864-7CB4-4025-B05E-603B011E9ABD}.Debug|Any CPU.Build.0 = Debug|Any CPU
		{854AF864-7CB4-4025-B05E-603B011E9ABD}.Release|Any CPU.ActiveCfg = Release|Any CPU
		{854AF864-7CB4-4025-B05E-603B011E9ABD}.Release|Any CPU.Build.0 = Release|Any CPU
		{87D99285-9FC0-41E7-B6A7-B3942744A23A}.Debug|Any CPU.ActiveCfg = Debug|Any CPU
		{87D99285-9FC0-41E7-B6A7-B3942744A23A}.Debug|Any CPU.Build.0 = Debug|Any CPU
		{87D99285-9FC0-41E7-B6A7-B3942744A23A}.Release|Any CPU.ActiveCfg = Release|Any CPU
		{87D99285-9FC0-41E7-B6A7-B3942744A23A}.Release|Any CPU.Build.0 = Release|Any CPU
		{69ABC62C-CE79-42BA-9DE5-B4E2BC2C5F08}.Debug|Any CPU.ActiveCfg = Debug|Any CPU
		{69ABC62C-CE79-42BA-9DE5-B4E2BC2C5F08}.Debug|Any CPU.Build.0 = Debug|Any CPU
		{69ABC62C-CE79-42BA-9DE5-B4E2BC2C5F08}.Release|Any CPU.ActiveCfg = Release|Any CPU
		{69ABC62C-CE79-42BA-9DE5-B4E2BC2C5F08}.Release|Any CPU.Build.0 = Release|Any CPU
		{2DFF7375-02BB-4B82-A94F-45EFBA773F4F}.Debug|Any CPU.ActiveCfg = Debug|Any CPU
		{2DFF7375-02BB-4B82-A94F-45EFBA773F4F}.Debug|Any CPU.Build.0 = Debug|Any CPU
		{2DFF7375-02BB-4B82-A94F-45EFBA773F4F}.Release|Any CPU.ActiveCfg = Release|Any CPU
		{2DFF7375-02BB-4B82-A94F-45EFBA773F4F}.Release|Any CPU.Build.0 = Release|Any CPU
	EndGlobalSection
	GlobalSection(SolutionProperties) = preSolution
		HideSolutionNode = FALSE
	EndGlobalSection
	GlobalSection(ExtensibilityGlobals) = postSolution
		SolutionGuid = {9D7B357F-3ACA-46DA-BC98-61050E440A2F}
	EndGlobalSection
EndGlobal
